{
  "lockfileVersion": 1,
  "workspaces": {
    "": {
      "dependencies": {
        "@tabler/icons": "^3.33.0",
      },
    },
  },
  "packages": {
    "@tabler/icons": ["@tabler/icons@3.34.0", "", {}, "sha512-jtVqv0JC1WU2TTEBN32D9+R6mc1iEBuPwLnBsWaR02SIEciu9aq5806AWkCHuObhQ4ERhhXErLEK7Fs+tEZxiA=="],
  }
}
