{
  "lockfileVersion": 1,
  "workspaces": {
    "": {
      "dependencies": {
        "@tabler/icons": "^3.0.0",
      },
    },
  },
  "packages": {
    "@tabler/icons": ["@tabler/icons@3.30.0", "", {}, "sha512-c8OKLM48l00u9TFbh2qhSODMONIzML8ajtCyq95rW8vzkWcBrKRPM61tdkThz2j4kd5u17srPGIjqdeRUZdfdw=="],
  }
}
