{
  "lockfileVersion": 1,
  "workspaces": {
    "": {
      "dependencies": {
        "@tabler/icons": "^3.31.0",
      },
    },
  },
  "packages": {
    "@tabler/icons": ["@tabler/icons@3.33.0", "", {}, "sha512-NZeFfzcYe7xcBHR3zKoCSrw/cFWvfj6LjenPQ48yVMTGdX854HH9nH44ZfMH8rrDzHBllfjwl4CIX6Vh2tyN0Q=="],
  }
}
